
Microsoft Visual Studio Solution File, Format Version 12.00
# Visual Studio Version 16
VisualStudioVersion = 16.0.30804.86
MinimumVisualStudioVersion = 10.0.40219.1
Project("{9A19103F-16F7-4668-BE54-9A1E7A4F7556}") = "Generators.Common", "Generators.Common\Generators.Common.csproj", "{1FE00A1D-EBD3-4E31-B669-DEA2A35E9EE0}"
EndProject
Project("{9A19103F-16F7-4668-BE54-9A1E7A4F7556}") = "Generators.ModelReaders", "Generators.ModelReaders\Generators.ModelReaders.csproj", "{440A3FA4-B2AF-4473-894E-5750073D7083}"
EndProject
Project("{9A19103F-16F7-4668-BE54-9A1E7A4F7556}") = "Generators.ModelReaders.Tests", "Generators.ModelReaders.Tests\Generators.ModelReaders.Tests.csproj", "{9CBEF8A0-21DC-48BD-8D66-CD38111330DD}"
EndProject
Project("{9A19103F-16F7-4668-BE54-9A1E7A4F7556}") = "Generators.Implementation", "Generators.Implementation\Generators.Implementation.csproj", "{6C9D5198-99F4-466C-91DE-1BD705A2195E}"
EndProject
Project("{9A19103F-16F7-4668-BE54-9A1E7A4F7556}") = "Generators.Implementation.Tests", "Generators.Implementation.Tests\Generators.Implementation.Tests.csproj", "{026B4E89-DF4C-4685-9427-0B661BA7ECA6}"
EndProject
Project("{FAE04EC0-301F-11D3-BF4B-00C04F79EFBC}") = "Generators.VS.Generator", "Generators.VS.Generator\Generators.VS.Generator.csproj", "{1F3903BE-E399-4EC6-AA12-BAF7049E8E60}"
EndProject
Project("{FAE04EC0-301F-11D3-BF4B-00C04F79EFBC}") = "Generators.VS.VSIX", "Generators.VS.VSIX\Generators.VS.VSIX.csproj", "{F015E292-C203-43ED-9FFA-44C7935B9040}"
EndProject
Project("{FAE04EC0-301F-11D3-BF4B-00C04F79EFBC}") = "Generators.VS.ModelTemplate", "Generators.VS.ModelTemplate\Generators.VS.ModelTemplate.csproj", "{91219460-EE15-4B67-8B8E-72D0DDF6DB39}"
EndProject
Project("{9A19103F-16F7-4668-BE54-9A1E7A4F7556}") = "Generators.Build", "Generators.Build\Generators.Build.csproj", "{57623E19-8D84-4E3E-800F-BBB51CEBB593}"
EndProject
Global
	GlobalSection(SolutionConfigurationPlatforms) = preSolution
		Debug|Any CPU = Debug|Any CPU
		Release|Any CPU = Release|Any CPU
	EndGlobalSection
	GlobalSection(ProjectConfigurationPlatforms) = postSolution
		{1FE00A1D-EBD3-4E31-B669-DEA2A35E9EE0}.Debug|Any CPU.ActiveCfg = Debug|Any CPU
		{1FE00A1D-EBD3-4E31-B669-DEA2A35E9EE0}.Debug|Any CPU.Build.0 = Debug|Any CPU
		{1FE00A1D-EBD3-4E31-B669-DEA2A35E9EE0}.Release|Any CPU.ActiveCfg = Release|Any CPU
		{1FE00A1D-EBD3-4E31-B669-DEA2A35E9EE0}.Release|Any CPU.Build.0 = Release|Any CPU
		{440A3FA4-B2AF-4473-894E-5750073D7083}.Debug|Any CPU.ActiveCfg = Debug|Any CPU
		{440A3FA4-B2AF-4473-894E-5750073D7083}.Debug|Any CPU.Build.0 = Debug|Any CPU
		{440A3FA4-B2AF-4473-894E-5750073D7083}.Release|Any CPU.ActiveCfg = Release|Any CPU
		{440A3FA4-B2AF-4473-894E-5750073D7083}.Release|Any CPU.Build.0 = Release|Any CPU
		{9CBEF8A0-21DC-48BD-8D66-CD38111330DD}.Debug|Any CPU.ActiveCfg = Debug|Any CPU
		{9CBEF8A0-21DC-48BD-8D66-CD38111330DD}.Debug|Any CPU.Build.0 = Debug|Any CPU
		{9CBEF8A0-21DC-48BD-8D66-CD38111330DD}.Release|Any CPU.ActiveCfg = Release|Any CPU
		{9CBEF8A0-21DC-48BD-8D66-CD38111330DD}.Release|Any CPU.Build.0 = Release|Any CPU
		{6C9D5198-99F4-466C-91DE-1BD705A2195E}.Debug|Any CPU.ActiveCfg = Debug|Any CPU
		{6C9D5198-99F4-466C-91DE-1BD705A2195E}.Debug|Any CPU.Build.0 = Debug|Any CPU
		{6C9D5198-99F4-466C-91DE-1BD705A2195E}.Release|Any CPU.ActiveCfg = Release|Any CPU
		{6C9D5198-99F4-466C-91DE-1BD705A2195E}.Release|Any CPU.Build.0 = Release|Any CPU
		{026B4E89-DF4C-4685-9427-0B661BA7ECA6}.Debug|Any CPU.ActiveCfg = Debug|Any CPU
		{026B4E89-DF4C-4685-9427-0B661BA7ECA6}.Debug|Any CPU.Build.0 = Debug|Any CPU
		{026B4E89-DF4C-4685-9427-0B661BA7ECA6}.Release|Any CPU.ActiveCfg = Release|Any CPU
		{026B4E89-DF4C-4685-9427-0B661BA7ECA6}.Release|Any CPU.Build.0 = Release|Any CPU
		{1F3903BE-E399-4EC6-AA12-BAF7049E8E60}.Debug|Any CPU.ActiveCfg = Debug|Any CPU
		{1F3903BE-E399-4EC6-AA12-BAF7049E8E60}.Debug|Any CPU.Build.0 = Debug|Any CPU
		{1F3903BE-E399-4EC6-AA12-BAF7049E8E60}.Release|Any CPU.ActiveCfg = Release|Any CPU
		{1F3903BE-E399-4EC6-AA12-BAF7049E8E60}.Release|Any CPU.Build.0 = Release|Any CPU
		{F015E292-C203-43ED-9FFA-44C7935B9040}.Debug|Any CPU.ActiveCfg = Debug|Any CPU
		{F015E292-C203-43ED-9FFA-44C7935B9040}.Debug|Any CPU.Build.0 = Debug|Any CPU
		{F015E292-C203-43ED-9FFA-44C7935B9040}.Release|Any CPU.ActiveCfg = Release|Any CPU
		{F015E292-C203-43ED-9FFA-44C7935B9040}.Release|Any CPU.Build.0 = Release|Any CPU
		{91219460-EE15-4B67-8B8E-72D0DDF6DB39}.Debug|Any CPU.ActiveCfg = Debug|Any CPU
		{91219460-EE15-4B67-8B8E-72D0DDF6DB39}.Debug|Any CPU.Build.0 = Debug|Any CPU
		{91219460-EE15-4B67-8B8E-72D0DDF6DB39}.Release|Any CPU.ActiveCfg = Release|Any CPU
		{91219460-EE15-4B67-8B8E-72D0DDF6DB39}.Release|Any CPU.Build.0 = Release|Any CPU
		{57623E19-8D84-4E3E-800F-BBB51CEBB593}.Debug|Any CPU.ActiveCfg = Debug|Any CPU
		{57623E19-8D84-4E3E-800F-BBB51CEBB593}.Debug|Any CPU.Build.0 = Debug|Any CPU
		{57623E19-8D84-4E3E-800F-BBB51CEBB593}.Release|Any CPU.ActiveCfg = Release|Any CPU
		{57623E19-8D84-4E3E-800F-BBB51CEBB593}.Release|Any CPU.Build.0 = Release|Any CPU
	EndGlobalSection
	GlobalSection(SolutionProperties) = preSolution
		HideSolutionNode = FALSE
	EndGlobalSection
	GlobalSection(ExtensibilityGlobals) = postSolution
		SolutionGuid = {03BBAE13-63FB-45D2-BDA4-5C471C377218}
	EndGlobalSection
EndGlobal
